github.com/FortAwesome/Font-Awesome v0.0.0-20241216213156-af620534bfc3/go.mod h1:IUgezN/MFpCDIlFezw3L8j83oeiIuYoj28Miwr/KUYo=
github.com/google/docsy v0.12.0/go.mod h1:1bioDqA493neyFesaTvQ9reV0V2vYy+xUAnlnz7+miM=
github.com/layer5io/hugo-academy-theme v0.0.0-20250715053027-36f46b5c4741 h1:ATysCRr0Rqm69xwYRRsg/uVcYW1MdV6AqinROKsg4BE=
github.com/layer5io/hugo-academy-theme v0.0.0-20250715053027-36f46b5c4741/go.mod h1:Kp2xgJUAqGztDN/j6T30ApwSaK1Yxs1IvrSgOoRFKnI=
github.com/twbs/bootstrap v5.3.6+incompatible/go.mod h1:fZTSrkpSf0/HkL0IIJzvVspTt1r9zuf7XlZau8kpcY0=